
Microsoft Visual Studio Solution File, Format Version 12.00
# Visual Studio Version 17
VisualStudioVersion = 17.0.31903.59
MinimumVisualStudioVersion = 10.0.40219.1
Project("{2150E333-8FDC-42A3-9474-1A3956D46DE8}") = "src", "src", "{5159054B-7167-4A87-9441-9ADDC83FBB85}"
EndProject
Project("{FAE04EC0-301F-11D3-BF4B-00C04F79EFBC}") = "Practical.Storefront.Web", "src\Practical.Storefront.Web\Practical.Storefront.Web.csproj", "{9E2C0222-F38E-490C-A2C7-C94B66A8EB9D}"
EndProject
Project("{2150E333-8FDC-42A3-9474-1A3956D46DE8}") = "tests", "tests", "{98D21CF2-F53B-4FA7-9AAB-56D3B682A18F}"
EndProject
Project("{FAE04EC0-301F-11D3-BF4B-00C04F79EFBC}") = "Practical.Storefront.Web.Tests", "tests\Practical.Storefront.Web.Tests\Practical.Storefront.Web.Tests.csproj", "{1119CCC6-8427-45C8-9C68-039CC6864747}"
EndProject
Global
	GlobalSection(SolutionConfigurationPlatforms) = preSolution
		Debug|Any CPU = Debug|Any CPU
		Release|Any CPU = Release|Any CPU
	EndGlobalSection
	GlobalSection(SolutionProperties) = preSolution
		HideSolutionNode = FALSE
	EndGlobalSection
	GlobalSection(ProjectConfigurationPlatforms) = postSolution
		{9E2C0222-F38E-490C-A2C7-C94B66A8EB9D}.Debug|Any CPU.ActiveCfg = Debug|Any CPU
		{9E2C0222-F38E-490C-A2C7-C94B66A8EB9D}.Debug|Any CPU.Build.0 = Debug|Any CPU
		{9E2C0222-F38E-490C-A2C7-C94B66A8EB9D}.Release|Any CPU.ActiveCfg = Release|Any CPU
		{9E2C0222-F38E-490C-A2C7-C94B66A8EB9D}.Release|Any CPU.Build.0 = Release|Any CPU
		{1119CCC6-8427-45C8-9C68-039CC6864747}.Debug|Any CPU.ActiveCfg = Debug|Any CPU
		{1119CCC6-8427-45C8-9C68-039CC6864747}.Debug|Any CPU.Build.0 = Debug|Any CPU
		{1119CCC6-8427-45C8-9C68-039CC6864747}.Release|Any CPU.ActiveCfg = Release|Any CPU
		{1119CCC6-8427-45C8-9C68-039CC6864747}.Release|Any CPU.Build.0 = Release|Any CPU
	EndGlobalSection
	GlobalSection(NestedProjects) = preSolution
		{9E2C0222-F38E-490C-A2C7-C94B66A8EB9D} = {5159054B-7167-4A87-9441-9ADDC83FBB85}
		{1119CCC6-8427-45C8-9C68-039CC6864747} = {98D21CF2-F53B-4FA7-9AAB-56D3B682A18F}
	EndGlobalSection
EndGlobal
